<Solution>
  <Project Path="ChamberControlSimulator.Core.Tests/ChamberControlSimulator.Core.Tests.csproj" />
  <Project Path="ChamberControlSimulator.Core/ChamberControlSimulator.Core.csproj" />
  <Project Path="ChamberControlSimulator.Plc.Abstractions.Tests/ChamberControlSimulator.Plc.Abstractions.Tests.csproj" />
  <Project Path="ChamberControlSimulator.Plc.Abstractions/ChamberControlSimulator.Plc.Abstractions.csproj" />
  <Project Path="ChamberControlSimulator.Plc.Simulation.Tests/ChamberControlSimulator.Plc.Simulation.Tests.csproj" />
  <Project Path="ChamberControlSimulator.Plc.Simulation/ChamberControlSimulator.Plc.Simulation.csproj" />
  <Project Path="ChamberControlSimulator.Presentation.Tests/ChamberControlSimulator.Presentation.Tests.csproj" />
  <Project Path="ChamberControlSimulator/ChamberControlSimulator.csproj" />
</Solution>
